<?xml version="1.0" encoding="utf-8"?>
<Project ToolsVersion="4.0" xmlns="http://schemas.microsoft.com/developer/msbuild/2003">
  <ItemGroup>
    <ClCompile Include="Background.cpp" />
    <ClCompile Include="CCamera.cpp" />
    <ClCompile Include="CAnimationDx9.cpp" />
    <ClCompile Include="CGame.cpp" />
    <ClCompile Include="CGameLog.cpp" />
    <ClCompile Include="CGameTimeDx9.cpp" />
    <ClCompile Include="CGlobal.cpp" />
    <ClCompile Include="CInputDx9.cpp" />
    <ClCompile Include="Collision.cpp" />
    <ClCompile Include="CSpriteDx9.cpp" />
    <ClCompile Include="CSurfaceDx9.cpp" />
    <ClCompile Include="CTextureDx9.cpp" />
    <ClCompile Include="CTimeSpan.cpp" />
    <ClCompile Include="DemoState.cpp" />
    <ClCompile Include="DSutil.cpp" />
    <ClCompile Include="DynamicObject.cpp" />
    <ClCompile Include="Flyer_Sin.cpp" />
    <ClCompile Include="GameState.cpp" />
    <ClCompile Include="CObjectDx9.cpp" />
    <ClCompile Include="CPhysicDx9.cpp" />
    <ClCompile Include="GifBulletStatic.cpp" />
    <ClCompile Include="GunRotating.cpp" />
    <ClCompile Include="Gun_2.cpp" />
    <ClCompile Include="Markup.cpp" />
    <ClCompile Include="MenuGame.cpp" />
    <ClCompile Include="Rambo.cpp" />
    <ClCompile Include="SniperStanding.cpp" />
    <ClCompile Include="SoundBuffer.cpp" />
    <ClCompile Include="SoundMangerDx9.cpp" />
    <ClCompile Include="SpriteManager.cpp" />
    <ClCompile Include="StateManagerDx9.cpp" />
    <ClCompile Include="TestSpriteState.cpp" />
    <ClCompile Include="EntryPoint.cpp">
      <Filter>EntryPoint</Filter>
    </ClCompile>
  </ItemGroup>
  <ItemGroup>
    <ClInclude Include="Background.h" />
    <ClInclude Include="CCamera.h" />
    <ClInclude Include="CAnimationDx9.h" />
    <ClInclude Include="CGame.h" />
    <ClInclude Include="CGameLog.h" />
    <ClInclude Include="CGameTimeDx9.h" />
    <ClInclude Include="CGlobal.h" />
    <ClInclude Include="CInputDx9.h" />
    <ClInclude Include="Collision.h" />
    <ClInclude Include="CSpriteDx9.h" />
    <ClInclude Include="CSurfaceDx9.h" />
    <ClInclude Include="CTextureDx9.h" />
    <ClInclude Include="CTimeSpanDx9.h" />
    <ClInclude Include="DemoState.h" />
    <ClInclude Include="DSutil.h" />
    <ClInclude Include="DynamicObject.h" />
    <ClInclude Include="Flyer_Sin.h" />
    <ClInclude Include="GameState.h" />
    <ClInclude Include="CObjectDx9.h" />
    <ClInclude Include="CPhysicDx9.h" />
    <ClInclude Include="GifBulletStatic.h" />
    <ClInclude Include="GunRotating.h" />
    <ClInclude Include="Gun_2.h" />
    <ClInclude Include="Markup.h" />
    <ClInclude Include="MenuGame.h" />
    <ClInclude Include="Rambo.h" />
    <ClInclude Include="SniperStanding.h" />
    <ClInclude Include="SoundBuffer.h" />
    <ClInclude Include="SoundMangerDx9.h" />
    <ClInclude Include="SpriteManager.h" />
    <ClInclude Include="StateManagerDx9.h" />
    <ClInclude Include="SweptAABB.h" />
    <ClInclude Include="TestSpriteState.h" />
  </ItemGroup>
  <ItemGroup>
    <Text Include="..\gamelog.log" />
  </ItemGroup>
  <ItemGroup>
    <Filter Include="EntryPoint">
      <UniqueIdentifier>{9634b189-2e82-4812-bda0-6664bac40cf2}</UniqueIdentifier>
    </Filter>
  </ItemGroup>
</Project>