<?xml version="1.0" encoding="utf-8"?>
<Project ToolsVersion="4.0" xmlns="http://schemas.microsoft.com/developer/msbuild/2003">
  <ItemGroup>
    <ClCompile Include="EntryPoint.cpp">
      <Filter>EntryPoint</Filter>
    </ClCompile>
    <ClCompile Include="CSpriteDx9.cpp">
      <Filter>Framework\Graphics</Filter>
    </ClCompile>
    <ClCompile Include="CSurfaceDx9.cpp">
      <Filter>Framework\Graphics</Filter>
    </ClCompile>
    <ClCompile Include="CTextureDx9.cpp">
      <Filter>Framework\Graphics</Filter>
    </ClCompile>
    <ClCompile Include="Markup.cpp">
      <Filter>Framework\XML Reader</Filter>
    </ClCompile>
    <ClCompile Include="SoundBuffer.cpp">
      <Filter>Framework\Sound</Filter>
    </ClCompile>
    <ClCompile Include="SoundMangerDx9.cpp">
      <Filter>Framework\Sound</Filter>
    </ClCompile>
    <ClCompile Include="SpriteManager.cpp">
      <Filter>Framework\Graphics</Filter>
    </ClCompile>
    <ClCompile Include="CAnimationDx9.cpp">
      <Filter>Framework\Graphics</Filter>
    </ClCompile>
    <ClCompile Include="Collision.cpp">
      <Filter>Framework\Physics</Filter>
    </ClCompile>
    <ClCompile Include="CPhysicDx9.cpp">
      <Filter>Framework\Physics</Filter>
    </ClCompile>
    <ClCompile Include="CInputDx9.cpp">
      <Filter>Framework\Input</Filter>
    </ClCompile>
    <ClCompile Include="DSutil.cpp">
      <Filter>Framework\Sound</Filter>
    </ClCompile>
    <ClCompile Include="CObjectDx9.cpp">
      <Filter>Framework\Object</Filter>
    </ClCompile>
    <ClCompile Include="CCamera.cpp">
      <Filter>Framework\Camera</Filter>
    </ClCompile>
    <ClCompile Include="CGameLog.cpp">
      <Filter>Framework\Gamelog</Filter>
    </ClCompile>
    <ClCompile Include="CGameTimeDx9.cpp">
      <Filter>Framework\Game Time</Filter>
    </ClCompile>
    <ClCompile Include="CGlobal.cpp">
      <Filter>Framework\Global</Filter>
    </ClCompile>
    <ClCompile Include="DynamicObject.cpp">
      <Filter>Framework\Object</Filter>
    </ClCompile>
    <ClCompile Include="Rambo.cpp">
      <Filter>GameObject\Rambo</Filter>
    </ClCompile>
    <ClCompile Include="GifBulletMoving.cpp">
      <Filter>GameObject\Items\GifBulletMoving</Filter>
    </ClCompile>
    <ClCompile Include="GifBulletStatic.cpp">
      <Filter>GameObject\Items\GifBulletStatic</Filter>
    </ClCompile>
    <ClCompile Include="TestSpriteState.cpp">
      <Filter>GameScene</Filter>
    </ClCompile>
    <ClCompile Include="VirtualObject.cpp">
      <Filter>GameObject\Virtual</Filter>
    </ClCompile>
    <ClCompile Include="SniperStanding.cpp">
      <Filter>GameObject\Enemy\SniperStanding</Filter>
    </ClCompile>
    <ClCompile Include="GunRotating.cpp">
      <Filter>GameObject\Enemy\GunRotating</Filter>
    </ClCompile>
    <ClCompile Include="DemoState.cpp">
      <Filter>GameScene\Scene</Filter>
    </ClCompile>
    <ClCompile Include="EnemyRun.cpp">
      <Filter>GameObject\Enemy\EnemyRun</Filter>
    </ClCompile>
    <ClCompile Include="CGame.cpp">
      <Filter>Game</Filter>
    </ClCompile>
    <ClCompile Include="MenuGame.cpp">
      <Filter>GameScene\Scene</Filter>
    </ClCompile>
    <ClCompile Include="Tile.cpp">
      <Filter>GameObject\Tile</Filter>
    </ClCompile>
    <ClCompile Include="SceneManagerDx9.cpp">
      <Filter>GameScene\SceneManager</Filter>
    </ClCompile>
    <ClCompile Include="BigGunRotating.cpp">
      <Filter>GameObject\Enemy\GunRotating</Filter>
    </ClCompile>
    <ClCompile Include="SniperHiding.cpp">
      <Filter>GameObject\Enemy\SniperHiding</Filter>
    </ClCompile>
    <ClCompile Include="CTimeSpanDx9.cpp">
      <Filter>Framework\Game Time</Filter>
    </ClCompile>
    <ClCompile Include="RamboSprite.cpp">
      <Filter>GameObject\Rambo\Sprite</Filter>
    </ClCompile>
    <ClCompile Include="BossGun.cpp">
      <Filter>GameObject\Boss\BossMap1</Filter>
    </ClCompile>
    <ClCompile Include="BossCenter.cpp">
      <Filter>GameObject\Boss\BossMap1</Filter>
    </ClCompile>
    <ClCompile Include="Bullet.cpp">
      <Filter>GameObject\Bullet</Filter>
    </ClCompile>
    <ClCompile Include="BulletPool.cpp">
      <Filter>GameObject\Bullet</Filter>
    </ClCompile>
    <ClCompile Include="BulletPoolManager.cpp">
      <Filter>GameObject\Bullet</Filter>
    </ClCompile>
    <ClCompile Include="DefaultBullet.cpp">
      <Filter>GameObject\Bullet</Filter>
    </ClCompile>
    <ClCompile Include="MapReader.cpp">
      <Filter>Framework\Map Reader</Filter>
    </ClCompile>
    <ClCompile Include="RedBullet.cpp">
      <Filter>GameObject\Bullet</Filter>
    </ClCompile>
    <ClCompile Include="FireBullet.cpp">
      <Filter>GameObject\Bullet</Filter>
    </ClCompile>
    <ClCompile Include="GifS.cpp">
      <Filter>GameObject\Items\GifBullet\GifS</Filter>
    </ClCompile>
    <ClCompile Include="GifR.cpp">
      <Filter>GameObject\Items\GifBullet\GifR</Filter>
    </ClCompile>
    <ClCompile Include="GifB.cpp">
      <Filter>GameObject\Items\GifBullet\GifB</Filter>
    </ClCompile>
    <ClCompile Include="GifF.cpp">
      <Filter>GameObject\Items\GifBullet\GifF</Filter>
    </ClCompile>
    <ClCompile Include="GifM.cpp">
      <Filter>GameObject\Items\GifBullet\GifM</Filter>
    </ClCompile>
    <ClCompile Include="GifL.cpp">
      <Filter>GameObject\Items\GifBullet\GifL</Filter>
    </ClCompile>
    <ClCompile Include="LedObject.cpp">
      <Filter>GameObject\LedObject</Filter>
    </ClCompile>
    <ClCompile Include="Tinker.cpp">
      <Filter>GameObject\Boss\BossMap1</Filter>
    </ClCompile>
  </ItemGroup>
  <ItemGroup>
    <ClInclude Include="CSpriteDx9.h">
      <Filter>Framework\Graphics</Filter>
    </ClInclude>
    <ClInclude Include="CSurfaceDx9.h">
      <Filter>Framework\Graphics</Filter>
    </ClInclude>
    <ClInclude Include="CTextureDx9.h">
      <Filter>Framework\Graphics</Filter>
    </ClInclude>
    <ClInclude Include="Markup.h">
      <Filter>Framework\XML Reader</Filter>
    </ClInclude>
    <ClInclude Include="SoundBuffer.h">
      <Filter>Framework\Sound</Filter>
    </ClInclude>
    <ClInclude Include="SoundMangerDx9.h">
      <Filter>Framework\Sound</Filter>
    </ClInclude>
    <ClInclude Include="SpriteManager.h">
      <Filter>Framework\Graphics</Filter>
    </ClInclude>
    <ClInclude Include="CAnimationDx9.h">
      <Filter>Framework\Graphics</Filter>
    </ClInclude>
    <ClInclude Include="Collision.h">
      <Filter>Framework\Physics</Filter>
    </ClInclude>
    <ClInclude Include="CPhysicDx9.h">
      <Filter>Framework\Physics</Filter>
    </ClInclude>
    <ClInclude Include="CInputDx9.h">
      <Filter>Framework\Input</Filter>
    </ClInclude>
    <ClInclude Include="DSutil.h">
      <Filter>Framework\Sound</Filter>
    </ClInclude>
    <ClInclude Include="CObjectDx9.h">
      <Filter>Framework\Object</Filter>
    </ClInclude>
    <ClInclude Include="CCamera.h">
      <Filter>Framework\Camera</Filter>
    </ClInclude>
    <ClInclude Include="CGameLog.h">
      <Filter>Framework\Gamelog</Filter>
    </ClInclude>
    <ClInclude Include="CGameTimeDx9.h">
      <Filter>Framework\Game Time</Filter>
    </ClInclude>
    <ClInclude Include="CTimeSpanDx9.h">
      <Filter>Framework\Game Time</Filter>
    </ClInclude>
    <ClInclude Include="CGlobal.h">
      <Filter>Framework\Global</Filter>
    </ClInclude>
    <ClInclude Include="DynamicObject.h">
      <Filter>Framework\Object</Filter>
    </ClInclude>
    <ClInclude Include="SweptAABB.h">
      <Filter>Framework\Physics</Filter>
    </ClInclude>
    <ClInclude Include="Rambo.h">
      <Filter>GameObject\Rambo</Filter>
    </ClInclude>
    <ClInclude Include="GifBulletMoving.h">
      <Filter>GameObject\Items\GifBulletMoving</Filter>
    </ClInclude>
    <ClInclude Include="GifBulletStatic.h">
      <Filter>GameObject\Items\GifBulletStatic</Filter>
    </ClInclude>
    <ClInclude Include="TestSpriteState.h">
      <Filter>GameScene</Filter>
    </ClInclude>
    <ClInclude Include="VirtualObject.h">
      <Filter>GameObject\Virtual</Filter>
    </ClInclude>
    <ClInclude Include="SniperStanding.h">
      <Filter>GameObject\Enemy\SniperStanding</Filter>
    </ClInclude>
    <ClInclude Include="GunRotating.h">
      <Filter>GameObject\Enemy\GunRotating</Filter>
    </ClInclude>
    <ClInclude Include="DemoState.h">
      <Filter>GameScene\Scene</Filter>
    </ClInclude>
    <ClInclude Include="EnemyRun.h">
      <Filter>GameObject\Enemy\EnemyRun</Filter>
    </ClInclude>
    <ClInclude Include="CGame.h">
      <Filter>Game</Filter>
    </ClInclude>
    <ClInclude Include="MenuGame.h">
      <Filter>GameScene\Scene</Filter>
    </ClInclude>
    <ClInclude Include="Tile.h">
      <Filter>GameObject\Tile</Filter>
    </ClInclude>
    <ClInclude Include="GameScene.h">
      <Filter>GameScene\SceneManager</Filter>
    </ClInclude>
    <ClInclude Include="SceneManagerDx9.h">
      <Filter>GameScene\SceneManager</Filter>
    </ClInclude>
    <ClInclude Include="BigGunRotating.h">
      <Filter>GameObject\Enemy\GunRotating</Filter>
    </ClInclude>
    <ClInclude Include="SniperHiding.h">
      <Filter>GameObject\Enemy\SniperHiding</Filter>
    </ClInclude>
    <ClInclude Include="RamboSprite.h">
      <Filter>GameObject\Rambo\Sprite</Filter>
    </ClInclude>
    <ClInclude Include="BossGun.h">
      <Filter>GameObject\Boss\BossMap1</Filter>
    </ClInclude>
    <ClInclude Include="BossCenter.h">
      <Filter>GameObject\Boss\BossMap1</Filter>
    </ClInclude>
    <ClInclude Include="Bullet.h">
      <Filter>GameObject\Bullet</Filter>
    </ClInclude>
    <ClInclude Include="BulletPool.h">
      <Filter>GameObject\Bullet</Filter>
    </ClInclude>
    <ClInclude Include="BulletPoolManager.h">
      <Filter>GameObject\Bullet</Filter>
    </ClInclude>
    <ClInclude Include="FrameworkDefineMacro.h">
      <Filter>Framework\Global</Filter>
    </ClInclude>
    <ClInclude Include="ESoundID.h">
      <Filter>Framework\Global</Filter>
    </ClInclude>
    <ClInclude Include="ESpriteID.h">
      <Filter>Framework\Global</Filter>
    </ClInclude>
    <ClInclude Include="ESpriteEffect.h">
      <Filter>Framework\Global</Filter>
    </ClInclude>
    <ClInclude Include="EObjectState.h">
      <Filter>Framework\Global</Filter>
    </ClInclude>
    <ClInclude Include="EDirection.h">
      <Filter>Framework\Global</Filter>
    </ClInclude>
    <ClInclude Include="EObjectID.h">
      <Filter>Framework\Global</Filter>
    </ClInclude>
    <ClInclude Include="EDirectAttack.h">
      <Filter>Framework\Global</Filter>
    </ClInclude>
    <ClInclude Include="IDDirection.h">
      <Filter>Framework\Global</Filter>
    </ClInclude>
    <ClInclude Include="ETypeObject.h">
      <Filter>Framework\Global</Filter>
    </ClInclude>
    <ClInclude Include="EIDSceneGame.h">
      <Filter>Framework\Global</Filter>
    </ClInclude>
    <ClInclude Include="EIDTypeBullet.h">
      <Filter>Framework\Global</Filter>
    </ClInclude>
    <ClInclude Include="Box.h">
      <Filter>Framework\Global</Filter>
    </ClInclude>
    <ClInclude Include="DefaultBullet.h">
      <Filter>GameObject\Bullet</Filter>
    </ClInclude>
    <ClInclude Include="MapReader.h">
      <Filter>Framework\Map Reader</Filter>
    </ClInclude>
    <ClInclude Include="RedBullet.h">
      <Filter>GameObject\Bullet</Filter>
    </ClInclude>
    <ClInclude Include="FireBullet.h">
      <Filter>GameObject\Bullet</Filter>
    </ClInclude>
    <ClInclude Include="GifS.h">
      <Filter>GameObject\Items\GifBullet\GifS</Filter>
    </ClInclude>
    <ClInclude Include="GifR.h">
      <Filter>GameObject\Items\GifBullet\GifR</Filter>
    </ClInclude>
    <ClInclude Include="GifB.h">
      <Filter>GameObject\Items\GifBullet\GifB</Filter>
    </ClInclude>
    <ClInclude Include="GifF.h">
      <Filter>GameObject\Items\GifBullet\GifF</Filter>
    </ClInclude>
    <ClInclude Include="GifM.h">
      <Filter>GameObject\Items\GifBullet\GifM</Filter>
    </ClInclude>
    <ClInclude Include="GifL.h">
      <Filter>GameObject\Items\GifBullet\GifL</Filter>
    </ClInclude>
    <ClInclude Include="LedObject.h">
      <Filter>GameObject\LedObject</Filter>
    </ClInclude>
    <ClInclude Include="Tinker.h">
      <Filter>GameObject\Boss\BossMap1</Filter>
    </ClInclude>
  </ItemGroup>
  <ItemGroup>
    <Text Include="..\gamelog.log" />
  </ItemGroup>
  <ItemGroup>
    <Filter Include="EntryPoint">
      <UniqueIdentifier>{9634b189-2e82-4812-bda0-6664bac40cf2}</UniqueIdentifier>
    </Filter>
    <Filter Include="Framework">
      <UniqueIdentifier>{76817c5c-95dc-4dc1-b317-0d97697b8b38}</UniqueIdentifier>
    </Filter>
    <Filter Include="Framework\Graphics">
      <UniqueIdentifier>{62388534-b205-43c4-a7df-0c3677d6d2fb}</UniqueIdentifier>
    </Filter>
    <Filter Include="Framework\XML Reader">
      <UniqueIdentifier>{891cd2b2-29ef-4da0-818c-f12189842155}</UniqueIdentifier>
    </Filter>
    <Filter Include="Framework\Sound">
      <UniqueIdentifier>{c1886de8-7d18-4f10-b8bd-df7dea93d0b6}</UniqueIdentifier>
    </Filter>
    <Filter Include="Framework\Physics">
      <UniqueIdentifier>{2dd695ba-9d9e-4e4e-afb1-6b3e6a71ec80}</UniqueIdentifier>
    </Filter>
    <Filter Include="Framework\Input">
      <UniqueIdentifier>{a64591e7-a7dd-4bcd-8678-7d8b6b2c14e7}</UniqueIdentifier>
    </Filter>
    <Filter Include="Framework\Object">
      <UniqueIdentifier>{5e6eab10-53ce-4f0b-b36b-a536afa9c8d3}</UniqueIdentifier>
    </Filter>
    <Filter Include="Framework\Camera">
      <UniqueIdentifier>{a14ae5a0-781e-4ed8-a2d5-7e2f993d216e}</UniqueIdentifier>
    </Filter>
    <Filter Include="Framework\Gamelog">
      <UniqueIdentifier>{d3ad5c3b-dc66-467e-9e39-5d066ec9978a}</UniqueIdentifier>
    </Filter>
    <Filter Include="Framework\Game Time">
      <UniqueIdentifier>{ab35ba13-4b65-461b-a7d1-7d9f49d59a12}</UniqueIdentifier>
    </Filter>
    <Filter Include="Framework\Global">
      <UniqueIdentifier>{eb5574fd-c3d8-4087-9c08-0314e37da7ee}</UniqueIdentifier>
    </Filter>
    <Filter Include="GameObject">
      <UniqueIdentifier>{b1d8a3fd-4db0-4639-af66-65f2624b2872}</UniqueIdentifier>
    </Filter>
    <Filter Include="GameScene">
      <UniqueIdentifier>{d4f464d5-ec22-41ed-9d1d-5046c29b1f16}</UniqueIdentifier>
    </Filter>
    <Filter Include="GameObject\Virtual">
      <UniqueIdentifier>{00e91b31-0adc-439c-bfbf-69614c4b4dcd}</UniqueIdentifier>
    </Filter>
    <Filter Include="GameObject\Enemy">
      <UniqueIdentifier>{523f90a5-018c-4952-88c5-32bb52da5733}</UniqueIdentifier>
    </Filter>
    <Filter Include="GameObject\Rambo">
      <UniqueIdentifier>{a491e186-93ff-47cd-b4ec-1941d7aeb716}</UniqueIdentifier>
    </Filter>
    <Filter Include="GameObject\Items">
      <UniqueIdentifier>{86e0d6db-57fb-4b92-9e4d-8021b95c309c}</UniqueIdentifier>
    </Filter>
    <Filter Include="GameObject\Items\GifBulletMoving">
      <UniqueIdentifier>{83622fd0-a32d-4d40-b228-4b407613dfd9}</UniqueIdentifier>
    </Filter>
    <Filter Include="GameObject\Items\GifBulletStatic">
      <UniqueIdentifier>{8890abc7-0875-4664-bc7b-2682612fbcfd}</UniqueIdentifier>
    </Filter>
    <Filter Include="GameObject\Enemy\GunRotating">
      <UniqueIdentifier>{806044a0-c581-4652-a3e9-6e5d5706e24c}</UniqueIdentifier>
    </Filter>
    <Filter Include="GameObject\Enemy\SniperStanding">
      <UniqueIdentifier>{3864c8b8-46ec-4b14-83af-901290947762}</UniqueIdentifier>
    </Filter>
    <Filter Include="GameScene\SceneManager">
      <UniqueIdentifier>{c5740650-00eb-4e21-b1f4-fba1e80dad7f}</UniqueIdentifier>
    </Filter>
    <Filter Include="GameScene\Scene">
      <UniqueIdentifier>{509bd375-0179-4e0c-8251-06fc3ea72d40}</UniqueIdentifier>
    </Filter>
    <Filter Include="GameObject\Enemy\EnemyRun">
      <UniqueIdentifier>{3b959c08-be49-4114-8b6e-fac5c0537d85}</UniqueIdentifier>
    </Filter>
    <Filter Include="Game">
      <UniqueIdentifier>{b51c09b2-f018-47ea-9c04-4692fcdff4cb}</UniqueIdentifier>
    </Filter>
    <Filter Include="GameObject\Tile">
      <UniqueIdentifier>{db6ff48f-d5e0-466b-90dc-4e6c1a489995}</UniqueIdentifier>
    </Filter>
    <Filter Include="GameObject\Enemy\SniperHiding">
      <UniqueIdentifier>{3ef19249-7d9f-4916-a5d8-683240db85ca}</UniqueIdentifier>
    </Filter>
    <Filter Include="GameObject\Rambo\Sprite">
      <UniqueIdentifier>{ae0d94a0-2a6b-4ade-93ec-05489dfba7d5}</UniqueIdentifier>
    </Filter>
    <Filter Include="GameObject\Boss">
      <UniqueIdentifier>{143134b7-854e-49fa-ac90-f1452ba6b1b1}</UniqueIdentifier>
    </Filter>
    <Filter Include="GameObject\Boss\BossMap1">
      <UniqueIdentifier>{92fcf2da-943b-4458-af8d-a95625214951}</UniqueIdentifier>
    </Filter>
    <Filter Include="GameObject\Bullet">
      <UniqueIdentifier>{03e8071e-b2a8-42bd-a111-1aec60a23ece}</UniqueIdentifier>
    </Filter>
    <Filter Include="Framework\Map Reader">
      <UniqueIdentifier>{f620d2bf-221a-4f9d-98d4-628b9f262ada}</UniqueIdentifier>
    </Filter>
    <Filter Include="GameObject\Items\GifBullet">
      <UniqueIdentifier>{f2212de6-6de4-4f29-ac7e-c23112221f26}</UniqueIdentifier>
    </Filter>
    <Filter Include="GameObject\Items\GifBullet\GifS">
      <UniqueIdentifier>{b04c12c8-a896-4037-8145-0c97ce060b62}</UniqueIdentifier>
    </Filter>
    <Filter Include="GameObject\Items\GifBullet\GifR">
      <UniqueIdentifier>{83b5c345-0b47-47d6-8fe8-01d8d0e94dce}</UniqueIdentifier>
    </Filter>
    <Filter Include="GameObject\Items\GifBullet\GifB">
      <UniqueIdentifier>{e849387b-a5be-418b-a1d9-a68b9998443b}</UniqueIdentifier>
    </Filter>
    <Filter Include="GameObject\Items\GifBullet\GifF">
      <UniqueIdentifier>{e016559f-f511-400c-9830-524cb623c65a}</UniqueIdentifier>
    </Filter>
    <Filter Include="GameObject\Items\GifBullet\GifM">
      <UniqueIdentifier>{7134e551-542a-4e77-b5da-aaee6e27b2a9}</UniqueIdentifier>
    </Filter>
    <Filter Include="GameObject\Items\GifBullet\GifL">
      <UniqueIdentifier>{8a5a3237-c292-4fc1-aa40-f7a523a55920}</UniqueIdentifier>
    </Filter>
    <Filter Include="GameObject\LedObject">
      <UniqueIdentifier>{3c5076b3-db9f-45c4-b688-ab502e4fd4bd}</UniqueIdentifier>
    </Filter>
  </ItemGroup>
</Project>