<?xml version="1.0" encoding="utf-8"?>
<Project ToolsVersion="4.0" xmlns="http://schemas.microsoft.com/developer/msbuild/2003">
  <ItemGroup>
    <ClCompile Include="EntryPoint.cpp" />
    <ClCompile Include="CGlobal.cpp">
      <Filter>SourceFile\FrameWork</Filter>
    </ClCompile>
    <ClCompile Include="CGame.cpp">
      <Filter>SourceFile\ContraGame</Filter>
    </ClCompile>
    <ClCompile Include="CSurfaceDx9.cpp">
      <Filter>SourceFile\FrameWork\Graphics</Filter>
    </ClCompile>
    <ClCompile Include="CTextureDx9.cpp">
      <Filter>SourceFile\FrameWork\Graphics</Filter>
    </ClCompile>
    <ClCompile Include="DSutil.cpp">
      <Filter>SourceFile\FrameWork\Sounds</Filter>
    </ClCompile>
    <ClCompile Include="SoundBuffer.cpp">
      <Filter>SourceFile\FrameWork\Sounds</Filter>
    </ClCompile>
    <ClCompile Include="SoundMangerDx9.cpp">
      <Filter>SourceFile\FrameWork\Sounds</Filter>
    </ClCompile>
    <ClCompile Include="CGameLog.cpp">
      <Filter>SourceFile\FrameWork\GameLog</Filter>
    </ClCompile>
    <ClCompile Include="CAnimationDx9.cpp">
      <Filter>SourceFile\FrameWork\Graphics</Filter>
    </ClCompile>
    <ClCompile Include="CInputDx9.cpp">
      <Filter>SourceFile\FrameWork\InputHandle</Filter>
    </ClCompile>
    <ClCompile Include="CGameTimeDx9.cpp">
      <Filter>SourceFile\FrameWork\GameTime</Filter>
    </ClCompile>
    <ClCompile Include="CTimeSpan.cpp">
      <Filter>SourceFile\FrameWork\GameTime</Filter>
    </ClCompile>
    <ClCompile Include="GameState.cpp">
      <Filter>SourceFile\FrameWork\GameStateManager</Filter>
    </ClCompile>
    <ClCompile Include="StateManagerDx9.cpp">
      <Filter>SourceFile\FrameWork\GameStateManager</Filter>
    </ClCompile>
    <ClCompile Include="CCamera.cpp">
      <Filter>SourceFile\FrameWork\Camera</Filter>
    </ClCompile>
    <ClCompile Include="SpriteManager.cpp">
      <Filter>SourceFile\FrameWork\Graphics</Filter>
    </ClCompile>
    <ClCompile Include="CPhysicDx9.cpp">
      <Filter>SourceFile\FrameWork\Physic</Filter>
    </ClCompile>
    <ClCompile Include="CObjectDx9.cpp">
      <Filter>SourceFile\FrameWork\Object</Filter>
    </ClCompile>
    <ClCompile Include="DemoState.cpp">
      <Filter>SourceFile\ContraGame\GameState</Filter>
    </ClCompile>
    <ClCompile Include="TestSpriteState.cpp">
      <Filter>SourceFile\ContraGame\GameState</Filter>
    </ClCompile>
    <ClCompile Include="Background.cpp">
      <Filter>SourceFile\FrameWork\Object\Background</Filter>
    </ClCompile>
    <ClCompile Include="MenuGame.cpp">
      <Filter>SourceFile\ContraGame\GameState</Filter>
    </ClCompile>
    <ClCompile Include="Rambo.cpp">
      <Filter>SourceFile\FrameWork\Object\Rambo</Filter>
    </ClCompile>
    <ClCompile Include="CSpriteDx9.cpp">
      <Filter>SourceFile\FrameWork\Graphics</Filter>
    </ClCompile>
    <ClCompile Include="SniperStanding.cpp">
      <Filter>SourceFile\ContraGame\EnemyObject</Filter>
    </ClCompile>
    <ClCompile Include="Gun_1.cpp">
      <Filter>SourceFile\ContraGame\EnemyObject</Filter>
    </ClCompile>
    <ClCompile Include="Markup.cpp">
      <Filter>SourceFile\FrameWork\Map</Filter>
    </ClCompile>
  </ItemGroup>
  <ItemGroup>
    <ClInclude Include="CGlobal.h">
      <Filter>HeaderFile\FrameWork</Filter>
    </ClInclude>
    <ClInclude Include="CGame.h">
      <Filter>HeaderFile\ContraGame</Filter>
    </ClInclude>
    <ClInclude Include="CSpriteDx9.h">
      <Filter>HeaderFile\FrameWork\Graphics</Filter>
    </ClInclude>
    <ClInclude Include="CSurfaceDx9.h">
      <Filter>HeaderFile\FrameWork\Graphics</Filter>
    </ClInclude>
    <ClInclude Include="CTextureDx9.h">
      <Filter>HeaderFile\FrameWork\Graphics</Filter>
    </ClInclude>
    <ClInclude Include="SoundBuffer.h">
      <Filter>HeaderFile\FrameWork\Sounds</Filter>
    </ClInclude>
    <ClInclude Include="SoundMangerDx9.h">
      <Filter>HeaderFile\FrameWork\Sounds</Filter>
    </ClInclude>
    <ClInclude Include="DSutil.h">
      <Filter>HeaderFile\FrameWork\Sounds</Filter>
    </ClInclude>
    <ClInclude Include="CGameLog.h">
      <Filter>HeaderFile\FrameWork\GameLog</Filter>
    </ClInclude>
    <ClInclude Include="CAnimationDx9.h">
      <Filter>HeaderFile\FrameWork\Graphics</Filter>
    </ClInclude>
    <ClInclude Include="CInputDx9.h">
      <Filter>HeaderFile\FrameWork\InputHandle</Filter>
    </ClInclude>
    <ClInclude Include="CTimeSpanDx9.h">
      <Filter>HeaderFile\FrameWork\GameTime</Filter>
    </ClInclude>
    <ClInclude Include="CGameTimeDx9.h">
      <Filter>HeaderFile\FrameWork\GameTime</Filter>
    </ClInclude>
    <ClInclude Include="GameState.h">
      <Filter>HeaderFile\FrameWork\GameStateManager</Filter>
    </ClInclude>
    <ClInclude Include="StateManagerDx9.h">
      <Filter>HeaderFile\FrameWork\GameStateManager</Filter>
    </ClInclude>
    <ClInclude Include="CCamera.h">
      <Filter>HeaderFile\FrameWork\Camera</Filter>
    </ClInclude>
    <ClInclude Include="SpriteManager.h">
      <Filter>HeaderFile\FrameWork\Graphics</Filter>
    </ClInclude>
    <ClInclude Include="CPhysicDx9.h">
      <Filter>HeaderFile\FrameWork\Physic</Filter>
    </ClInclude>
    <ClInclude Include="CObjectDx9.h">
      <Filter>HeaderFile\FrameWork\Object</Filter>
    </ClInclude>
    <ClInclude Include="DemoState.h">
      <Filter>HeaderFile\ContraGame\GameState</Filter>
    </ClInclude>
    <ClInclude Include="TestSpriteState.h">
      <Filter>HeaderFile\ContraGame\GameState</Filter>
    </ClInclude>
    <ClInclude Include="Background.h">
      <Filter>HeaderFile\FrameWork\Object\Background</Filter>
    </ClInclude>
    <ClInclude Include="MenuGame.h">
      <Filter>HeaderFile\ContraGame\GameState</Filter>
    </ClInclude>
    <ClInclude Include="Rambo.h">
      <Filter>HeaderFile\FrameWork\Object\Rambo</Filter>
    </ClInclude>
    <ClInclude Include="SniperStanding.h">
      <Filter>HeaderFile\ContraGame\EnemyObject</Filter>
    </ClInclude>
    <ClInclude Include="Gun_1.h">
      <Filter>HeaderFile\ContraGame\EnemyObject</Filter>
    </ClInclude>
    <ClInclude Include="Markup.h">
      <Filter>HeaderFile\FrameWork\Map</Filter>
    </ClInclude>
  </ItemGroup>
  <ItemGroup>
    <Filter Include="HeaderFile">
      <UniqueIdentifier>{394fb245-e600-4dec-a826-142b515b5d80}</UniqueIdentifier>
    </Filter>
    <Filter Include="SourceFile">
      <UniqueIdentifier>{900a4a5c-ab67-4b5c-85a6-1e67321691e3}</UniqueIdentifier>
    </Filter>
    <Filter Include="HeaderFile\FrameWork">
      <UniqueIdentifier>{c221208c-d7af-44f0-a2db-f39fa0d0b046}</UniqueIdentifier>
    </Filter>
    <Filter Include="SourceFile\FrameWork">
      <UniqueIdentifier>{597007bb-305a-4137-b1f0-e38ad86f3f28}</UniqueIdentifier>
    </Filter>
    <Filter Include="HeaderFile\ContraGame">
      <UniqueIdentifier>{d838a1f9-3d9b-45bb-8451-497e06dacef0}</UniqueIdentifier>
    </Filter>
    <Filter Include="SourceFile\ContraGame">
      <UniqueIdentifier>{e89e98fe-9470-4e07-a7d1-940fcc890e95}</UniqueIdentifier>
    </Filter>
    <Filter Include="HeaderFile\FrameWork\Graphics">
      <UniqueIdentifier>{97f8a5b2-8f8a-4038-acef-877b11dc7dcb}</UniqueIdentifier>
    </Filter>
    <Filter Include="SourceFile\FrameWork\Graphics">
      <UniqueIdentifier>{4e294a07-2e03-4273-84f0-1fc5639b8a5a}</UniqueIdentifier>
    </Filter>
    <Filter Include="HeaderFile\FrameWork\Sounds">
      <UniqueIdentifier>{f7c4e660-257b-48e2-8d0b-b6c262593fab}</UniqueIdentifier>
    </Filter>
    <Filter Include="SourceFile\FrameWork\Sounds">
      <UniqueIdentifier>{88587a8e-7884-4ed2-9c47-85cce88ecaf1}</UniqueIdentifier>
    </Filter>
    <Filter Include="HeaderFile\FrameWork\GameLog">
      <UniqueIdentifier>{8b963cba-e0bc-4210-8f63-1c3654cb86ad}</UniqueIdentifier>
    </Filter>
    <Filter Include="SourceFile\FrameWork\GameLog">
      <UniqueIdentifier>{b4e3320b-9ecc-4550-9f7a-6df5ac111518}</UniqueIdentifier>
    </Filter>
    <Filter Include="HeaderFile\FrameWork\InputHandle">
      <UniqueIdentifier>{eb7a6e79-7960-423a-98be-458eb3e98168}</UniqueIdentifier>
    </Filter>
    <Filter Include="SourceFile\FrameWork\InputHandle">
      <UniqueIdentifier>{5610f37a-5cf5-45f0-b3dc-2ef73041a773}</UniqueIdentifier>
    </Filter>
    <Filter Include="HeaderFile\FrameWork\GameTime">
      <UniqueIdentifier>{35ab2703-f944-44ac-8406-d3abf621a617}</UniqueIdentifier>
    </Filter>
    <Filter Include="SourceFile\FrameWork\GameTime">
      <UniqueIdentifier>{0098237f-ac55-4f93-9cc0-f74b8936c59d}</UniqueIdentifier>
    </Filter>
    <Filter Include="HeaderFile\FrameWork\GameStateManager">
      <UniqueIdentifier>{bde3dc41-62e6-455e-9972-86d57b8e3d89}</UniqueIdentifier>
    </Filter>
    <Filter Include="SourceFile\FrameWork\GameStateManager">
      <UniqueIdentifier>{7e6910a0-71ea-4829-a82d-9e42b0fb62ed}</UniqueIdentifier>
    </Filter>
    <Filter Include="SourceFile\FrameWork\Camera">
      <UniqueIdentifier>{97b8709b-dce2-48b5-bec2-344f564f1a17}</UniqueIdentifier>
    </Filter>
    <Filter Include="HeaderFile\FrameWork\Camera">
      <UniqueIdentifier>{ed269f51-bc76-442a-976a-6faf4ba1c971}</UniqueIdentifier>
    </Filter>
    <Filter Include="SourceFile\FrameWork\Object">
      <UniqueIdentifier>{15b3b754-421e-45f4-a3c8-eeb7c67a98d2}</UniqueIdentifier>
    </Filter>
    <Filter Include="HeaderFile\FrameWork\Object">
      <UniqueIdentifier>{ec4d140d-a1fb-4169-a7e2-e1efdc65de8b}</UniqueIdentifier>
    </Filter>
    <Filter Include="HeaderFile\FrameWork\Physic">
      <UniqueIdentifier>{1e764a30-6868-4ffd-bbfb-626f55db7190}</UniqueIdentifier>
    </Filter>
    <Filter Include="SourceFile\FrameWork\Physic">
      <UniqueIdentifier>{6a2c97d4-1542-4a07-aa26-4200303d963f}</UniqueIdentifier>
    </Filter>
    <Filter Include="HeaderFile\ContraGame\GameState">
      <UniqueIdentifier>{9f82f17e-f157-4b1c-832b-a2af9b58473f}</UniqueIdentifier>
    </Filter>
    <Filter Include="SourceFile\ContraGame\GameState">
      <UniqueIdentifier>{267c7132-fd2b-4da4-85fc-bde1066f2668}</UniqueIdentifier>
    </Filter>
    <Filter Include="SourceFile\FrameWork\Object\Background">
      <UniqueIdentifier>{4e91411b-35f9-4c76-a5bf-692da8b5b9e3}</UniqueIdentifier>
    </Filter>
    <Filter Include="HeaderFile\FrameWork\Object\Background">
      <UniqueIdentifier>{d975ad88-fadf-468a-8651-2a57cb6902fc}</UniqueIdentifier>
    </Filter>
    <Filter Include="HeaderFile\FrameWork\Object\Rambo">
      <UniqueIdentifier>{32b19c28-3bcd-4985-8659-491384cace54}</UniqueIdentifier>
    </Filter>
    <Filter Include="SourceFile\FrameWork\Object\Rambo">
      <UniqueIdentifier>{5405f40a-46c4-4f00-9baa-6f7b354966df}</UniqueIdentifier>
    </Filter>
    <Filter Include="HeaderFile\ContraGame\EnemyObject">
      <UniqueIdentifier>{fcc03efb-16bb-4547-b91b-fbfad53b06a7}</UniqueIdentifier>
    </Filter>
    <Filter Include="SourceFile\ContraGame\EnemyObject">
      <UniqueIdentifier>{a7803692-369a-4cce-90f0-3ac5b73efaa8}</UniqueIdentifier>
    </Filter>
    <Filter Include="HeaderFile\FrameWork\Map">
      <UniqueIdentifier>{a3587f74-b399-4c7f-91ec-4ff744c13f1b}</UniqueIdentifier>
    </Filter>
    <Filter Include="SourceFile\FrameWork\Map">
      <UniqueIdentifier>{d665becc-ddcd-43ef-a358-5bcc88944e11}</UniqueIdentifier>
    </Filter>
  </ItemGroup>
  <ItemGroup>
    <Text Include="..\gamelog.log" />
  </ItemGroup>
</Project>