<?xml version="1.0" encoding="utf-8"?>
<Project ToolsVersion="4.0" xmlns="http://schemas.microsoft.com/developer/msbuild/2003">
  <ItemGroup>
    <ClCompile Include="EntryPoint.cpp" />
    <ClCompile Include="CAnimationDx9.cpp">
      <Filter>SourceFile\FrameWork</Filter>
    </ClCompile>
    <ClCompile Include="CGameLog.cpp">
      <Filter>SourceFile\FrameWork</Filter>
    </ClCompile>
    <ClCompile Include="CGameTimeDx9.cpp">
      <Filter>SourceFile\FrameWork</Filter>
    </ClCompile>
    <ClCompile Include="CGlobal.cpp">
      <Filter>SourceFile\FrameWork</Filter>
    </ClCompile>
    <ClCompile Include="CInputDx9.cpp">
      <Filter>SourceFile\FrameWork</Filter>
    </ClCompile>
    <ClCompile Include="CSpriteDx9.cpp">
      <Filter>SourceFile\FrameWork</Filter>
    </ClCompile>
    <ClCompile Include="CSurfaceDx9.cpp">
      <Filter>SourceFile\FrameWork</Filter>
    </ClCompile>
    <ClCompile Include="CTextureDx9.cpp">
      <Filter>SourceFile\FrameWork</Filter>
    </ClCompile>
    <ClCompile Include="CTimeSpan.cpp">
      <Filter>SourceFile\FrameWork</Filter>
    </ClCompile>
    <ClCompile Include="DSutil.cpp">
      <Filter>SourceFile\FrameWork</Filter>
    </ClCompile>
    <ClCompile Include="RectangleDx9.cpp">
      <Filter>SourceFile\FrameWork</Filter>
    </ClCompile>
    <ClCompile Include="SoundBuffer.cpp">
      <Filter>SourceFile\FrameWork</Filter>
    </ClCompile>
    <ClCompile Include="SoundMangerDx9.cpp">
      <Filter>SourceFile\FrameWork</Filter>
    </ClCompile>
    <ClCompile Include="SpriteEffect.cpp">
      <Filter>SourceFile\FrameWork</Filter>
    </ClCompile>
    <ClCompile Include="Vector.cpp">
      <Filter>SourceFile\FrameWork</Filter>
    </ClCompile>
    <ClCompile Include="CGame.cpp">
      <Filter>SourceFile\ContraGame</Filter>
    </ClCompile>
  </ItemGroup>
  <ItemGroup>
    <ClInclude Include="CAnimationDx9.h">
      <Filter>HeaderFile\FrameWork</Filter>
    </ClInclude>
    <ClInclude Include="CGameLog.h">
      <Filter>HeaderFile\FrameWork</Filter>
    </ClInclude>
    <ClInclude Include="CGameTimeDx9.h">
      <Filter>HeaderFile\FrameWork</Filter>
    </ClInclude>
    <ClInclude Include="CGlobal.h">
      <Filter>HeaderFile\FrameWork</Filter>
    </ClInclude>
    <ClInclude Include="CInputDx9.h">
      <Filter>HeaderFile\FrameWork</Filter>
    </ClInclude>
    <ClInclude Include="CSpriteDx9.h">
      <Filter>HeaderFile\FrameWork</Filter>
    </ClInclude>
    <ClInclude Include="CSurfaceDx9.h">
      <Filter>HeaderFile\FrameWork</Filter>
    </ClInclude>
    <ClInclude Include="CTextureDx9.h">
      <Filter>HeaderFile\FrameWork</Filter>
    </ClInclude>
    <ClInclude Include="CTimeSpanDx9.h">
      <Filter>HeaderFile\FrameWork</Filter>
    </ClInclude>
    <ClInclude Include="DSutil.h">
      <Filter>HeaderFile\FrameWork</Filter>
    </ClInclude>
    <ClInclude Include="VectorDx9.h">
      <Filter>HeaderFile\FrameWork</Filter>
    </ClInclude>
    <ClInclude Include="SpriteEffect.h">
      <Filter>HeaderFile\FrameWork</Filter>
    </ClInclude>
    <ClInclude Include="SoundMangerDx9.h">
      <Filter>HeaderFile\FrameWork</Filter>
    </ClInclude>
    <ClInclude Include="SoundBuffer.h">
      <Filter>HeaderFile\FrameWork</Filter>
    </ClInclude>
    <ClInclude Include="RectangleDx9.h">
      <Filter>HeaderFile\FrameWork</Filter>
    </ClInclude>
    <ClInclude Include="CGame.h">
      <Filter>HeaderFile\ContraGame</Filter>
    </ClInclude>
  </ItemGroup>
  <ItemGroup>
    <Filter Include="HeaderFile">
      <UniqueIdentifier>{394fb245-e600-4dec-a826-142b515b5d80}</UniqueIdentifier>
    </Filter>
    <Filter Include="SourceFile">
      <UniqueIdentifier>{900a4a5c-ab67-4b5c-85a6-1e67321691e3}</UniqueIdentifier>
    </Filter>
    <Filter Include="HeaderFile\FrameWork">
      <UniqueIdentifier>{c221208c-d7af-44f0-a2db-f39fa0d0b046}</UniqueIdentifier>
    </Filter>
    <Filter Include="SourceFile\FrameWork">
      <UniqueIdentifier>{597007bb-305a-4137-b1f0-e38ad86f3f28}</UniqueIdentifier>
    </Filter>
    <Filter Include="HeaderFile\ContraGame">
      <UniqueIdentifier>{d838a1f9-3d9b-45bb-8451-497e06dacef0}</UniqueIdentifier>
    </Filter>
    <Filter Include="SourceFile\ContraGame">
      <UniqueIdentifier>{e89e98fe-9470-4e07-a7d1-940fcc890e95}</UniqueIdentifier>
    </Filter>
  </ItemGroup>
</Project>